
Microsoft Visual Studio Solution File, Format Version 11.00
# Visual Studio 2010
Project("{FAE04EC0-301F-11D3-BF4B-00C04F79EFBC}") = "Tutorial_Section7-GlitchGarden", "Assembly-CSharp.csproj", "{39D4542F-ED4E-D3E9-FAC1-F0FA6000B430}"
EndProject
Global
	GlobalSection(SolutionConfigurationPlatforms) = preSolution
		Debug|Any CPU = Debug|Any CPU
		Release|Any CPU = Release|Any CPU
	EndGlobalSection
	GlobalSection(ProjectConfigurationPlatforms) = postSolution
		{39D4542F-ED4E-D3E9-FAC1-F0FA6000B430}.Debug|Any CPU.ActiveCfg = Debug|Any CPU
		{39D4542F-ED4E-D3E9-FAC1-F0FA6000B430}.Debug|Any CPU.Build.0 = Debug|Any CPU
		{39D4542F-ED4E-D3E9-FAC1-F0FA6000B430}.Release|Any CPU.ActiveCfg = Release|Any CPU
		{39D4542F-ED4E-D3E9-FAC1-F0FA6000B430}.Release|Any CPU.Build.0 = Release|Any CPU
	EndGlobalSection
	GlobalSection(SolutionProperties) = preSolution
		HideSolutionNode = FALSE
	EndGlobalSection
	GlobalSection(MonoDevelopProperties) = preSolution
		StartupItem = Assembly-CSharp.csproj
	EndGlobalSection
EndGlobal
